
Microsoft Visual Studio Solution File, Format Version 12.00
# Visual Studio Version 17
VisualStudioVersion = 17.6.33712.159
MinimumVisualStudioVersion = 10.0.40219.1
Project("{FAE04EC0-301F-11D3-BF4B-00C04F79EFBC}") = "proj_aspmvcado", "proj_aspmvcado.csproj", "{115773B0-BFE5-42F5-98F4-57A6E345B4CF}"
EndProject
Global
	GlobalSection(SolutionConfigurationPlatforms) = preSolution
		Debug|Any CPU = Debug|Any CPU
		Release|Any CPU = Release|Any CPU
	EndGlobalSection
	GlobalSection(ProjectConfigurationPlatforms) = postSolution
		{115773B0-BFE5-42F5-98F4-57A6E345B4CF}.Debug|Any CPU.ActiveCfg = Debug|Any CPU
		{115773B0-BFE5-42F5-98F4-57A6E345B4CF}.Debug|Any CPU.Build.0 = Debug|Any CPU
		{115773B0-BFE5-42F5-98F4-57A6E345B4CF}.Release|Any CPU.ActiveCfg = Release|Any CPU
		{115773B0-BFE5-42F5-98F4-57A6E345B4CF}.Release|Any CPU.Build.0 = Release|Any CPU
	EndGlobalSection
	GlobalSection(SolutionProperties) = preSolution
		HideSolutionNode = FALSE
	EndGlobalSection
	GlobalSection(ExtensibilityGlobals) = postSolution
		SolutionGuid = {D849B322-D0D1-486B-8352-AD38F161B34F}
	EndGlobalSection
EndGlobal
